{
  "name": "@aepyornis/fastboot.ts",
  "version": "0.0.15",
  "lockfileVersion": 3,
  "requires": true,
  "packages": {
    "": {
      "name": "@aepyornis/fastboot.ts",
      "version": "0.0.15",
      "license": "MIT",
      "dependencies": {
        "@zip.js/zip.js": "^2.7.60"
      },
      "devDependencies": {
        "@types/w3c-web-usb": "^1.0.10",
        "prettier": "^3.5.3",
        "typescript": "^5.8.3"
      }
    },
    "node_modules/@types/w3c-web-usb": {
      "version": "1.0.13",
      "resolved": "https://registry.npmjs.org/@types/w3c-web-usb/-/w3c-web-usb-1.0.13.tgz",
      "integrity": "sha512-N2nSl3Xsx8mRHZBvMSdNGtzMyeleTvtlEw+ujujgXalPqOjIA6UtrqcB6OzyUjkTbDm3J7P1RNK1lgoO7jxtsw==",
      "dev": true,
      "license": "MIT"
    },
    "node_modules/@zip.js/zip.js": {
      "version": "2.8.21",
      "resolved": "https://registry.npmjs.org/@zip.js/zip.js/-/zip.js-2.8.21.tgz",
      "integrity": "sha512-fkyzXISE3IMrstDO1AgPkJCx14MYHP/suIGiAovEYEuBjq3mffsuL6aMV7ohOSjW4rXtuACuUfpA3GtITgdtYg==",
      "license": "BSD-3-Clause",
      "engines": {
        "bun": ">=0.7.0",
        "deno": ">=1.0.0",
        "node": ">=18.0.0"
      }
    },
    "node_modules/prettier": {
      "version": "3.8.1",
      "resolved": "https://registry.npmjs.org/prettier/-/prettier-3.8.1.tgz",
      "integrity": "sha512-UOnG6LftzbdaHZcKoPFtOcCKztrQ57WkHDeRD9t/PTQtmT0NHSeWWepj6pS0z/N7+08BHFDQVUrfmfMRcZwbMg==",
      "dev": true,
      "license": "MIT",
      "bin": {
        "prettier": "bin/prettier.cjs"
      },
      "engines": {
        "node": ">=14"
      },
      "funding": {
        "url": "https://github.com/prettier/prettier?sponsor=1"
      }
    },
    "node_modules/typescript": {
      "version": "5.9.3",
      "resolved": "https://registry.npmjs.org/typescript/-/typescript-5.9.3.tgz",
      "integrity": "sha512-jl1vZzPDinLr9eUt3J/t7V6FgNEw9QjvBPdysz9KfQDD41fQrC2Y4vKQdiaUpFT4bXlb1RHhLpp8wtm6M5TgSw==",
      "dev": true,
      "license": "Apache-2.0",
      "bin": {
        "tsc": "bin/tsc",
        "tsserver": "bin/tsserver"
      },
      "engines": {
        "node": ">=14.17"
      }
    }
  }
}
